// !$*UTF8*$!
{
	archiveVersion = 1;
	classes = {
	};
	objectVersion = 50;
	objects = {

/* Begin PBXBuildFile section */
		C397AE6D26376570007DDE71 /* AppDelegate.swift in Sources */ = {isa = PBXBuildFile; fileRef = C397AE6C26376570007DDE71 /* AppDelegate.swift */; };
		C397AE6F26376570007DDE71 /* SceneDelegate.swift in Sources */ = {isa = PBXBuildFile; fileRef = C397AE6E26376570007DDE71 /* SceneDelegate.swift */; };
		C397AE7126376570007DDE71 /* ViewController.swift in Sources */ = {isa = PBXBuildFile; fileRef = C397AE7026376570007DDE71 /* ViewController.swift */; };
		C397AE7426376570007DDE71 /* Main.storyboard in Resources */ = {isa = PBXBuildFile; fileRef = C397AE7226376570007DDE71 /* Main.storyboard */; };
		C397AE7726376570007DDE71 /* HomwWork_10.xcdatamodeld in Sources */ = {isa = PBXBuildFile; fileRef = C397AE7526376570007DDE71 /* HomwWork_10.xcdatamodeld */; };
		C397AE7926376573007DDE71 /* Assets.xcassets in Resources */ = {isa = PBXBuildFile; fileRef = C397AE7826376573007DDE71 /* Assets.xcassets */; };
		C397AE7C26376573007DDE71 /* LaunchScreen.storyboard in Resources */ = {isa = PBXBuildFile; fileRef = C397AE7A26376573007DDE71 /* LaunchScreen.storyboard */; };
/* End PBXBuildFile section */

/* Begin PBXFileReference section */
		C397AE6926376570007DDE71 /* HomwWork_10.app */ = {isa = PBXFileReference; explicitFileType = wrapper.application; includeInIndex = 0; path = HomwWork_10.app; sourceTree = BUILT_PRODUCTS_DIR; };
		C397AE6C26376570007DDE71 /* AppDelegate.swift */ = {isa = PBXFileReference; lastKnownFileType = sourcecode.swift; path = AppDelegate.swift; sourceTree = "<group>"; };
		C397AE6E26376570007DDE71 /* SceneDelegate.swift */ = {isa = PBXFileReference; lastKnownFileType = sourcecode.swift; path = SceneDelegate.swift; sourceTree = "<group>"; };
		C397AE7026376570007DDE71 /* ViewController.swift */ = {isa = PBXFileReference; lastKnownFileType = sourcecode.swift; path = ViewController.swift; sourceTree = "<group>"; };
		C397AE7326376570007DDE71 /* Base */ = {isa = PBXFileReference; lastKnownFileType = file.storyboard; name = Base; path = Base.lproj/Main.storyboard; sourceTree = "<group>"; };
		C397AE7626376570007DDE71 /* HomwWork_10.xcdatamodel */ = {isa = PBXFileReference; lastKnownFileType = wrapper.xcdatamodel; path = HomwWork_10.xcdatamodel; sourceTree = "<group>"; };
		C397AE7826376573007DDE71 /* Assets.xcassets */ = {isa = PBXFileReference; lastKnownFileType = folder.assetcatalog; path = Assets.xcassets; sourceTree = "<group>"; };
		C397AE7B26376573007DDE71 /* Base */ = {isa = PBXFileReference; lastKnownFileType = file.storyboard; name = Base; path = Base.lproj/LaunchScreen.storyboard; sourceTree = "<group>"; };
		C397AE7D26376573007DDE71 /* Info.plist */ = {isa = PBXFileReference; lastKnownFileType = text.plist.xml; path = Info.plist; sourceTree = "<group>"; };
/* End PBXFileReference section */

/* Begin PBXFrameworksBuildPhase section */
		C397AE6626376570007DDE71 /* Frameworks */ = {
			isa = PBXFrameworksBuildPhase;
			buildActionMask = 2147483647;
			files = (
			);
			runOnlyForDeploymentPostprocessing = 0;
		};
/* End PBXFrameworksBuildPhase section */

/* Begin PBXGroup section */
		C397AE6026376570007DDE71 = {
			isa = PBXGroup;
			children = (
				C397AE6B26376570007DDE71 /* HomwWork_10 */,
				C397AE6A26376570007DDE71 /* Products */,
			);
			sourceTree = "<group>";
		};
		C397AE6A26376570007DDE71 /* Products */ = {
			isa = PBXGroup;
			children = (
				C397AE6926376570007DDE71 /* HomwWork_10.app */,
			);
			name = Products;
			sourceTree = "<group>";
		};
		C397AE6B26376570007DDE71 /* HomwWork_10 */ = {
			isa = PBXGroup;
			children = (
				C397AE6C26376570007DDE71 /* AppDelegate.swift */,
				C397AE6E26376570007DDE71 /* SceneDelegate.swift */,
				C397AE7026376570007DDE71 /* ViewController.swift */,
				C397AE7226376570007DDE71 /* Main.storyboard */,
				C397AE7826376573007DDE71 /* Assets.xcassets */,
				C397AE7A26376573007DDE71 /* LaunchScreen.storyboard */,
				C397AE7D26376573007DDE71 /* Info.plist */,
				C397AE7526376570007DDE71 /* HomwWork_10.xcdatamodeld */,
			);
			path = HomwWork_10;
			sourceTree = "<group>";
		};
/* End PBXGroup section */

/* Begin PBXNativeTarget section */
		C397AE6826376570007DDE71 /* HomwWork_10 */ = {
			isa = PBXNativeTarget;
			buildConfigurationList = C397AE8026376573007DDE71 /* Build configuration list for PBXNativeTarget "HomwWork_10" */;
			buildPhases = (
				C397AE6526376570007DDE71 /* Sources */,
				C397AE6626376570007DDE71 /* Frameworks */,
				C397AE6726376570007DDE71 /* Resources */,
			);
			buildRules = (
			);
			dependencies = (
			);
			name = HomwWork_10;
			productName = HomwWork_10;
			productReference = C397AE6926376570007DDE71 /* HomwWork_10.app */;
			productType = "com.apple.product-type.application";
		};
/* End PBXNativeTarget section */

/* Begin PBXProject section */
		C397AE6126376570007DDE71 /* Project object */ = {
			isa = PBXProject;
			attributes = {
				LastSwiftUpdateCheck = 1210;
				LastUpgradeCheck = 1210;
				TargetAttributes = {
					C397AE6826376570007DDE71 = {
						CreatedOnToolsVersion = 12.1;
					};
				};
			};
			buildConfigurationList = C397AE6426376570007DDE71 /* Build configuration list for PBXProject "HomwWork_10" */;
			compatibilityVersion = "Xcode 9.3";
			developmentRegion = en;
			hasScannedForEncodings = 0;
			knownRegions = (
				en,
				Base,
			);
			mainGroup = C397AE6026376570007DDE71;
			productRefGroup = C397AE6A26376570007DDE71 /* Products */;
			projectDirPath = "";
			projectRoot = "";
			targets = (
				C397AE6826376570007DDE71 /* HomwWork_10 */,
			);
		};
/* End PBXProject section */

/* Begin PBXResourcesBuildPhase section */
		C397AE6726376570007DDE71 /* Resources */ = {
			isa = PBXResourcesBuildPhase;
			buildActionMask = 2147483647;
			files = (
				C397AE7C26376573007DDE71 /* LaunchScreen.storyboard in Resources */,
				C397AE7926376573007DDE71 /* Assets.xcassets in Resources */,
				C397AE7426376570007DDE71 /* Main.storyboard in Resources */,
			);
			runOnlyForDeploymentPostprocessing = 0;
		};
/* End PBXResourcesBuildPhase section */

/* Begin PBXSourcesBuildPhase section */
		C397AE6526376570007DDE71 /* Sources */ = {
			isa = PBXSourcesBuildPhase;
			buildActionMask = 2147483647;
			files = (
				C397AE7126376570007DDE71 /* ViewController.swift in Sources */,
				C397AE6D26376570007DDE71 /* AppDelegate.swift in Sources */,
				C397AE7726376570007DDE71 /* HomwWork_10.xcdatamodeld in Sources */,
				C397AE6F26376570007DDE71 /* SceneDelegate.swift in Sources */,
			);
			runOnlyForDeploymentPostprocessing = 0;
		};
/* End PBXSourcesBuildPhase section */

/* Begin PBXVariantGroup section */
		C397AE7226376570007DDE71 /* Main.storyboard */ = {
			isa = PBXVariantGroup;
			children = (
				C397AE7326376570007DDE71 /* Base */,
			);
			name = Main.storyboard;
			sourceTree = "<group>";
		};
		C397AE7A26376573007DDE71 /* LaunchScreen.storyboard */ = {
			isa = PBXVariantGroup;
			children = (
				C397AE7B26376573007DDE71 /* Base */,
			);
			name = LaunchScreen.storyboard;
			sourceTree = "<group>";
		};
/* End PBXVariantGroup section */

/* Begin XCBuildConfiguration section */
		C397AE7E26376573007DDE71 /* Debug */ = {
			isa = XCBuildConfiguration;
			buildSettings = {
				ALWAYS_SEARCH_USER_PATHS = NO;
				CLANG_ANALYZER_NONNULL = YES;
				CLANG_ANALYZER_NUMBER_OBJECT_CONVERSION = YES_AGGRESSIVE;
				CLANG_CXX_LANGUAGE_STANDARD = "gnu++14";
				CLANG_CXX_LIBRARY = "libc++";
				CLANG_ENABLE_MODULES = YES;
				CLANG_ENABLE_OBJC_ARC = YES;
				CLANG_ENABLE_OBJC_WEAK = YES;
				CLANG_WARN_BLOCK_CAPTURE_AUTORELEASING = YES;
				CLANG_WARN_BOOL_CONVERSION = YES;
				CLANG_WARN_COMMA = YES;
				CLANG_WARN_CONSTANT_CONVERSION = YES;
				CLANG_WARN_DEPRECATED_OBJC_IMPLEMENTATIONS = YES;
				CLANG_WARN_DIRECT_OBJC_ISA_USAGE = YES_ERROR;
				CLANG_WARN_DOCUMENTATION_COMMENTS = YES;
				CLANG_WARN_EMPTY_BODY = YES;
				CLANG_WARN_ENUM_CONVERSION = YES;
				CLANG_WARN_INFINITE_RECURSION = YES;
				CLANG_WARN_INT_CONVERSION = YES;
				CLANG_WARN_NON_LITERAL_NULL_CONVERSION = YES;
				CLANG_WARN_OBJC_IMPLICIT_RETAIN_SELF = YES;
				CLANG_WARN_OBJC_LITERAL_CONVERSION = YES;
				CLANG_WARN_OBJC_ROOT_CLASS = YES_ERROR;
				CLANG_WARN_QUOTED_INCLUDE_IN_FRAMEWORK_HEADER = YES;
				CLANG_WARN_RANGE_LOOP_ANALYSIS = YES;
				CLANG_WARN_STRICT_PROTOTYPES = YES;
				CLANG_WARN_SUSPICIOUS_MOVE = YES;
				CLANG_WARN_UNGUARDED_AVAILABILITY = YES_AGGRESSIVE;
				CLANG_WARN_UNREACHABLE_CODE = YES;
				CLANG_WARN__DUPLICATE_METHOD_MATCH = YES;
				COPY_PHASE_STRIP = NO;
				DEBUG_INFORMATION_FORMAT = dwarf;
				ENABLE_STRICT_OBJC_MSGSEND = YES;
				ENABLE_TESTABILITY = YES;
				GCC_C_LANGUAGE_STANDARD = gnu11;
				GCC_DYNAMIC_NO_PIC = NO;
				GCC_NO_COMMON_BLOCKS = YES;
				GCC_OPTIMIZATION_LEVEL = 0;
				GCC_PREPROCESSOR_DEFINITIONS = (
					"DEBUG=1",
					"$(inherited)",
				);
				GCC_WARN_64_TO_32_BIT_CONVERSION = YES;
				GCC_WARN_ABOUT_RETURN_TYPE = YES_ERROR;
				GCC_WARN_UNDECLARED_SELECTOR = YES;
				GCC_WARN_UNINITIALIZED_AUTOS = YES_AGGRESSIVE;
				GCC_WARN_UNUSED_FUNCTION = YES;
				GCC_WARN_UNUSED_VARIABLE = YES;
				IPHONEOS_DEPLOYMENT_TARGET = 14.1;
				MTL_ENABLE_DEBUG_INFO = INCLUDE_SOURCE;
				MTL_FAST_MATH = YES;
				ONLY_ACTIVE_ARCH = YES;
				SDKROOT = iphoneos;
				SWIFT_ACTIVE_COMPILATION_CONDITIONS = DEBUG;
				SWIFT_OPTIMIZATION_LEVEL = "-Onone";
			};
			name = Debug;
		};
		C397AE7F26376573007DDE71 /* Release */ = {
			isa = XCBuildConfiguration;
			buildSettings = {
				ALWAYS_SEARCH_USER_PATHS = NO;
				CLANG_ANALYZER_NONNULL = YES;
				CLANG_ANALYZER_NUMBER_OBJECT_CONVERSION = YES_AGGRESSIVE;
				CLANG_CXX_LANGUAGE_STANDARD = "gnu++14";
				CLANG_CXX_LIBRARY = "libc++";
				CLANG_ENABLE_MODULES = YES;
				CLANG_ENABLE_OBJC_ARC = YES;
				CLANG_ENABLE_OBJC_WEAK = YES;
				CLANG_WARN_BLOCK_CAPTURE_AUTORELEASING = YES;
				CLANG_WARN_BOOL_CONVERSION = YES;
				CLANG_WARN_COMMA = YES;
				CLANG_WARN_CONSTANT_CONVERSION = YES;
				CLANG_WARN_DEPRECATED_OBJC_IMPLEMENTATIONS = YES;
				CLANG_WARN_DIRECT_OBJC_ISA_USAGE = YES_ERROR;
				CLANG_WARN_DOCUMENTATION_COMMENTS = YES;
				CLANG_WARN_EMPTY_BODY = YES;
				CLANG_WARN_ENUM_CONVERSION = YES;
				CLANG_WARN_INFINITE_RECURSION = YES;
				CLANG_WARN_INT_CONVERSION = YES;
				CLANG_WARN_NON_LITERAL_NULL_CONVERSION = YES;
				CLANG_WARN_OBJC_IMPLICIT_RETAIN_SELF = YES;
				CLANG_WARN_OBJC_LITERAL_CONVERSION = YES;
				CLANG_WARN_OBJC_ROOT_CLASS = YES_ERROR;
				CLANG_WARN_QUOTED_INCLUDE_IN_FRAMEWORK_HEADER = YES;
				CLANG_WARN_RANGE_LOOP_ANALYSIS = YES;
				CLANG_WARN_STRICT_PROTOTYPES = YES;
				CLANG_WARN_SUSPICIOUS_MOVE = YES;
				CLANG_WARN_UNGUARDED_AVAILABILITY = YES_AGGRESSIVE;
				CLANG_WARN_UNREACHABLE_CODE = YES;
				CLANG_WARN__DUPLICATE_METHOD_MATCH = YES;
				COPY_PHASE_STRIP = NO;
				DEBUG_INFORMATION_FORMAT = "dwarf-with-dsym";
				ENABLE_NS_ASSERTIONS = NO;
				ENABLE_STRICT_OBJC_MSGSEND = YES;
				GCC_C_LANGUAGE_STANDARD = gnu11;
				GCC_NO_COMMON_BLOCKS = YES;
				GCC_WARN_64_TO_32_BIT_CONVERSION = YES;
				GCC_WARN_ABOUT_RETURN_TYPE = YES_ERROR;
				GCC_WARN_UNDECLARED_SELECTOR = YES;
				GCC_WARN_UNINITIALIZED_AUTOS = YES_AGGRESSIVE;
				GCC_WARN_UNUSED_FUNCTION = YES;
				GCC_WARN_UNUSED_VARIABLE = YES;
				IPHONEOS_DEPLOYMENT_TARGET = 14.1;
				MTL_ENABLE_DEBUG_INFO = NO;
				MTL_FAST_MATH = YES;
				SDKROOT = iphoneos;
				SWIFT_COMPILATION_MODE = wholemodule;
				SWIFT_OPTIMIZATION_LEVEL = "-O";
				VALIDATE_PRODUCT = YES;
			};
			name = Release;
		};
		C397AE8126376573007DDE71 /* Debug */ = {
			isa = XCBuildConfiguration;
			buildSettings = {
				ASSETCATALOG_COMPILER_APPICON_NAME = AppIcon;
				ASSETCATALOG_COMPILER_GLOBAL_ACCENT_COLOR_NAME = AccentColor;
				CODE_SIGN_STYLE = Automatic;
				DEVELOPMENT_TEAM = 5388PB8FX8;
				INFOPLIST_FILE = HomwWork_10/Info.plist;
				LD_RUNPATH_SEARCH_PATHS = (
					"$(inherited)",
					"@executable_path/Frameworks",
				);
				PRODUCT_BUNDLE_IDENTIFIER = "test.HomwWork-10";
				PRODUCT_NAME = "$(TARGET_NAME)";
				SWIFT_VERSION = 5.0;
				TARGETED_DEVICE_FAMILY = "1,2";
			};
			name = Debug;
		};
		C397AE8226376573007DDE71 /* Release */ = {
			isa = XCBuildConfiguration;
			buildSettings = {
				ASSETCATALOG_COMPILER_APPICON_NAME = AppIcon;
				ASSETCATALOG_COMPILER_GLOBAL_ACCENT_COLOR_NAME = AccentColor;
				CODE_SIGN_STYLE = Automatic;
				DEVELOPMENT_TEAM = 5388PB8FX8;
				INFOPLIST_FILE = HomwWork_10/Info.plist;
				LD_RUNPATH_SEARCH_PATHS = (
					"$(inherited)",
					"@executable_path/Frameworks",
				);
				PRODUCT_BUNDLE_IDENTIFIER = "test.HomwWork-10";
				PRODUCT_NAME = "$(TARGET_NAME)";
				SWIFT_VERSION = 5.0;
				TARGETED_DEVICE_FAMILY = "1,2";
			};
			name = Release;
		};
/* End XCBuildConfiguration section */

/* Begin XCConfigurationList section */
		C397AE6426376570007DDE71 /* Build configuration list for PBXProject "HomwWork_10" */ = {
			isa = XCConfigurationList;
			buildConfigurations = (
				C397AE7E26376573007DDE71 /* Debug */,
				C397AE7F26376573007DDE71 /* Release */,
			);
			defaultConfigurationIsVisible = 0;
			defaultConfigurationName = Release;
		};
		C397AE8026376573007DDE71 /* Build configuration list for PBXNativeTarget "HomwWork_10" */ = {
			isa = XCConfigurationList;
			buildConfigurations = (
				C397AE8126376573007DDE71 /* Debug */,
				C397AE8226376573007DDE71 /* Release */,
			);
			defaultConfigurationIsVisible = 0;
			defaultConfigurationName = Release;
		};
/* End XCConfigurationList section */

/* Begin XCVersionGroup section */
		C397AE7526376570007DDE71 /* HomwWork_10.xcdatamodeld */ = {
			isa = XCVersionGroup;
			children = (
				C397AE7626376570007DDE71 /* HomwWork_10.xcdatamodel */,
			);
			currentVersion = C397AE7626376570007DDE71 /* HomwWork_10.xcdatamodel */;
			path = HomwWork_10.xcdatamodeld;
			sourceTree = "<group>";
			versionGroupType = wrapper.xcdatamodel;
		};
/* End XCVersionGroup section */
	};
	rootObject = C397AE6126376570007DDE71 /* Project object */;
}
